<?xml version="1.0" encoding="utf-8"?>
<Project ToolsVersion="4.0" xmlns="http://schemas.microsoft.com/developer/msbuild/2003">
  <ItemGroup>
    <Filter Include="Common">
      <UniqueIdentifier>c432c712-fd50-4d80-bc35-cb9d9137161f</UniqueIdentifier>
    </Filter>
    <Filter Include="Assets">
      <UniqueIdentifier>7f7daa53-fff7-44f5-ae5d-747cfc0b5d61</UniqueIdentifier>
      <Extensions>bmp;fbx;gif;jpg;jpeg;tga;tiff;tif;png</Extensions>
    </Filter>
    <Filter Include="Content">
      <UniqueIdentifier>91701a13-80c7-474d-8372-b1e324d9274b</UniqueIdentifier>
    </Filter>
    <Filter Include="Content\Shaders">
      <UniqueIdentifier>bc343b93-8843-4b6d-85e4-34956f82a7b6</UniqueIdentifier>
    </Filter>
    <ClInclude Include="Common\DirectXHelper.h">
      <Filter>Common</Filter>
    </ClInclude>
    <ClInclude Include="Common\StepTimer.h">
      <Filter>Common</Filter>
    </ClInclude>
    <ClInclude Include="Common\DeviceResources.h">
      <Filter>Common</Filter>
    </ClInclude>
    <ClCompile Include="Common\DeviceResources.cpp">
      <Filter>Common</Filter>
    </ClCompile>
    <ClInclude Include="Common\CameraResources.h">
      <Filter>Common</Filter>
    </ClInclude>
    <ClCompile Include="Common\CameraResources.cpp">
      <Filter>Common</Filter>
    </ClCompile>
    <Image Include="Assets\LockScreenLogo.scale-200.png">
      <Filter>Assets</Filter>
    </Image>
    <Image Include="Assets\SplashScreen.scale-200.png">
      <Filter>Assets</Filter>
    </Image>
    <Image Include="Assets\Square150x150Logo.scale-200.png">
      <Filter>Assets</Filter>
    </Image>
    <Image Include="Assets\Square44x44Logo.scale-200.png">
      <Filter>Assets</Filter>
    </Image>
    <Image Include="Assets\Square44x44Logo.targetsize-24_altform-unplated.png">
      <Filter>Assets</Filter>
    </Image>
    <Image Include="Assets\StoreLogo.png">
      <Filter>Assets</Filter>
    </Image>
    <Image Include="Assets\Wide310x150Logo.scale-200.png">
      <Filter>Assets</Filter>
    </Image>
  </ItemGroup>
  <ItemGroup>
    <ClCompile Include="pch.cpp" />
    <ClCompile Include="AppView.cpp" />
    <ClCompile Include="Content\SpatialInputHandler.cpp">
      <Filter>Content</Filter>
    </ClCompile>
    <ClCompile Include="Content\SpinningCubeRenderer.cpp">
      <Filter>Content</Filter>
    </ClCompile>
    <ClCompile Include="Hololens_OBJRendererMain.cpp" />
    <ClCompile Include="Content\OBJRenderer.cpp">
      <Filter>Content</Filter>
    </ClCompile>
  </ItemGroup>
  <ItemGroup>
    <ClInclude Include="pch.h" />
    <ClInclude Include="AppView.h" />
    <ClInclude Include="Content\SpatialInputHandler.h">
      <Filter>Content</Filter>
    </ClInclude>
    <ClInclude Include="Content\SpinningCubeRenderer.h">
      <Filter>Content</Filter>
    </ClInclude>
    <ClInclude Include="Content\ShaderStructures.h">
      <Filter>Content</Filter>
    </ClInclude>
    <ClInclude Include="Hololens_OBJRendererMain.h" />
    <ClInclude Include="Content\OBJRenderer.h">
      <Filter>Content</Filter>
    </ClInclude>
  </ItemGroup>
  <ItemGroup>
    <FxCompile Include="Content\VertexShader.hlsl">
      <Filter>Content\Shaders</Filter>
    </FxCompile>
    <FxCompile Include="Content\GeometryShader.hlsl">
      <Filter>Content\Shaders</Filter>
    </FxCompile>
    <FxCompile Include="Content\PixelShader.hlsl">
      <Filter>Content\Shaders</Filter>
    </FxCompile>
    <FxCompile Include="Content\VPRTVertexShader.hlsl">
      <Filter>Content\Shaders</Filter>
    </FxCompile>
  </ItemGroup>
  <ItemGroup>
    <AppxManifest Include="Package.appxmanifest" />
  </ItemGroup>
  <ItemGroup>
    <None Include="Hololens-OBJRenderer_TemporaryKey.pfx" />
  </ItemGroup>
</Project>